{
  "name": "FireSave",
  "version": "0.3.19",
  "lockfileVersion": 2,
  "requires": true,
  "description": "Saves manager",
  "main": "./dist/main/main.js",
  "packages": {
    "": {
      "name": "FireSave",
      "version": "0.3.19",
      "hasInstallScript": true,
      "dependencies": {
        "greenworks": "git+https://github.com/greenheartgames/greenworks.git#3ea4ab490b56676de3f0a237c74bcfdb17323e60"
      }
    },
    "node_modules/greenworks": {
      "version": "0.14.0",
      "resolved": "git+ssh://git@github.com/greenheartgames/greenworks.git#3ea4ab490b56676de3f0a237c74bcfdb17323e60",
      "integrity": "sha512-lPwkImmt3aLlC2PMKwdu+laDThHFSQU0nnSe7odIhacHH15uhX4XSkUNplyhuFXKsq/bfzs0kxVzjByKbPXpng==",
      "hasInstallScript": true,
      "dependencies": {
        "nan": "^2.14.0"
      }
    },
    "node_modules/nan": {
      "version": "2.15.0",
      "resolved": "https://registry.npmjs.org/nan/-/nan-2.15.0.tgz",
      "integrity": "sha512-8ZtvEnA2c5aYCZYd1cvgdnU6cqwixRoYg70xPLWUws5ORTa/lnw+u4amixRS/Ac5U5mQVgp9pnlSUnbNWFaWZQ=="
    }
  },
  "dependencies": {
    "greenworks": {
      "version": "git+ssh://git@github.com/greenheartgames/greenworks.git#3ea4ab490b56676de3f0a237c74bcfdb17323e60",
      "integrity": "sha512-lPwkImmt3aLlC2PMKwdu+laDThHFSQU0nnSe7odIhacHH15uhX4XSkUNplyhuFXKsq/bfzs0kxVzjByKbPXpng==",
      "from": "greenworks@git+https://github.com/greenheartgames/greenworks.git#3ea4ab490b56676de3f0a237c74bcfdb17323e60",
      "requires": {
        "nan": "^2.14.0"
      }
    },
    "nan": {
      "version": "2.15.0",
      "resolved": "https://registry.npmjs.org/nan/-/nan-2.15.0.tgz",
      "integrity": "sha512-8ZtvEnA2c5aYCZYd1cvgdnU6cqwixRoYg70xPLWUws5ORTa/lnw+u4amixRS/Ac5U5mQVgp9pnlSUnbNWFaWZQ=="
    }
  },
  "author": {
    "name": "Ciberus",
    "email": "ciberus.ps+firesave@gmail.com",
    "url": "https://github.com/ciberusps/firesave"
  },
  "scripts": {
    "electron-rebuild": "node -r ts-node/register ../../.erb/scripts/electron-rebuild.js",
    "link-modules": "node -r ts-node/register ../../.erb/scripts/link-modules.ts",
    "postinstall": "npm run electron-rebuild && npm run link-modules"
  }
}
