{
  "name": "FireSave",
  "version": "0.6.10",
  "lockfileVersion": 2,
  "requires": true,
  "description": "Saves manager",
  "main": "./dist/main/main.js",
  "packages": {
    "": {
      "name": "FireSave",
      "version": "0.6.10",
      "hasInstallScript": true,
      "dependencies": {
        "greenworks": "github:Ciberusps/node-steamworks"
      }
    },
    "node_modules/greenworks": {
      "version": "0.14.0",
      "resolved": "git+ssh://git@github.com/Ciberusps/node-steamworks.git#61b1e6139df2218d669f24a7004acbe6d4c49c72",
      "hasInstallScript": true,
      "dependencies": {
        "nan": "^2.14.0"
      }
    },
    "node_modules/nan": {
      "version": "2.16.0",
      "resolved": "https://registry.npmjs.org/nan/-/nan-2.16.0.tgz",
      "integrity": "sha512-UdAqHyFngu7TfQKsCBgAA6pWDkT8MAO7d0jyOecVhN5354xbLqdn8mV9Tat9gepAupm0bt2DbeaSC8vS52MuFA=="
    }
  },
  "dependencies": {
    "greenworks": {
      "version": "git+ssh://git@github.com/Ciberusps/node-steamworks.git#61b1e6139df2218d669f24a7004acbe6d4c49c72",
      "from": "greenworks@github:Ciberusps/node-steamworks",
      "requires": {
        "nan": "^2.14.0"
      }
    },
    "nan": {
      "version": "2.16.0",
      "resolved": "https://registry.npmjs.org/nan/-/nan-2.16.0.tgz",
      "integrity": "sha512-UdAqHyFngu7TfQKsCBgAA6pWDkT8MAO7d0jyOecVhN5354xbLqdn8mV9Tat9gepAupm0bt2DbeaSC8vS52MuFA=="
    }
  },
  "author": {
    "name": "Ciberus",
    "email": "ciberus.ps+firesave@gmail.com",
    "url": "https://github.com/ciberusps/firesave"
  },
  "scripts": {
    "electron-rebuild": "node -r ts-node/register ../../.erb/scripts/electron-rebuild.js",
    "link-modules": "node -r ts-node/register ../../.erb/scripts/link-modules.ts",
    "postinstall": "npm run electron-rebuild && npm run link-modules"
  }
}
